
Microsoft Visual Studio Solution File, Format Version 12.00
# Visual Studio Version 16
VisualStudioVersion = 16.0.32929.386
MinimumVisualStudioVersion = 10.0.40219.1
Project("{FAE04EC0-301F-11D3-BF4B-00C04F79EFBC}") = "projectY", "projectY.csproj", "{0751203E-28E4-4D3D-92A2-077CE462B1BC}"
EndProject
Global
	GlobalSection(SolutionConfigurationPlatforms) = preSolution
		Debug|Any CPU = Debug|Any CPU
		Release|Any CPU = Release|Any CPU
	EndGlobalSection
	GlobalSection(ProjectConfigurationPlatforms) = postSolution
		{0751203E-28E4-4D3D-92A2-077CE462B1BC}.Debug|Any CPU.ActiveCfg = Debug|Any CPU
		{0751203E-28E4-4D3D-92A2-077CE462B1BC}.Debug|Any CPU.Build.0 = Debug|Any CPU
		{0751203E-28E4-4D3D-92A2-077CE462B1BC}.Release|Any CPU.ActiveCfg = Release|Any CPU
		{0751203E-28E4-4D3D-92A2-077CE462B1BC}.Release|Any CPU.Build.0 = Release|Any CPU
	EndGlobalSection
	GlobalSection(SolutionProperties) = preSolution
		HideSolutionNode = FALSE
	EndGlobalSection
	GlobalSection(ExtensibilityGlobals) = postSolution
		SolutionGuid = {C65BDD8C-F2D8-421A-9096-AABF25C8BB72}
	EndGlobalSection
EndGlobal
